github.com/bytecodealliance/wasm-tools-go v0.3.2 h1:LKni9PS8yCG5/A79L8tcTKthgf7WN5RZD83W1m6wEE0=
github.com/bytecodealliance/wasm-tools-go v0.3.2/go.mod h1:fdysX1+SiPxcIhdpg8TLhoxz23k28/5cQ0/L9J4mgig=
github.com/coreos/go-semver v0.3.1 h1:yi21YpKnrx1gt5R+la8n5WgS0kCrsPp33dmEyHReZr4=
github.com/coreos/go-semver v0.3.1/go.mod h1:irMmmIw/7yzSRPWryHsK7EYSg09caPQL03VsM8rvUec=
github.com/davecgh/go-spew v1.1.1 h1:vj9j/u1bqnvCEfJOwUhtlOARqs3+rkHYY13jYWTU97c=
github.com/davecgh/go-spew v1.1.1/go.mod h1:J7Y8YcW2NihsgmVo/mv3lAwl/skON4iLHjSsI+c5H38=
github.com/docker/libtrust v0.0.0-20160708172513-aabc10ec26b7 h1:UhxFibDNY/bfvqU5CAUmr9zpesgbU6SWc8/B4mflAE4=
github.com/docker/libtrust v0.0.0-20160708172513-aabc10ec26b7/go.mod h1:cyGadeNEkKy96OOhEzfZl+yxihPEzKnqJwvfuSUqbZE=
github.com/goccy/go-yaml v1.19.2 h1:PmFC1S6h8ljIz6gMRBopkjP1TVT7xuwrButHID66PoM=
github.com/goccy/go-yaml v1.19.2/go.mod h1:XBurs7gK8ATbW4ZPGKgcbrY1Br56PdM69F7LkFRi1kA=
github.com/google/go-cmp v0.6.0 h1:ofyhxvXcZhMsU5ulbFiLKl/XBFqE1GSq7atu8tAmTRI=
github.com/google/go-cmp v0.6.0/go.mod h1:17dUlkBOakJ0+DkrSSNjCkIjxS6bF9zb3elmeNGIjoY=
github.com/klauspost/compress v1.18.6 h1:2jupLlAwFm95+YDR+NwD2MEfFO9d4z4Prjl1XXDjuao=
github.com/klauspost/compress v1.18.6/go.mod h1:cwPg85FWrGar70rWktvGQj8/hthj3wpl0PGDogxkrSQ=
github.com/olareg/olareg v0.2.1 h1:RPHGIaqlVWPbKAsOYUj7e2WfEEW5M7F8I6hKMrwd4jU=
github.com/olareg/olareg v0.2.1/go.mod h1:dhr8QetC7U7jJ2m93oxDhEEOKCRbPgOK1oGyKfB4QNo=
github.com/opencontainers/go-digest v1.0.0 h1:apOUWs51W5PlhuyGyz9FCeeBIOUDA/6nW8Oi/yOhh5U=
github.com/opencontainers/go-digest v1.0.0/go.mod h1:0JzlMkj0TRzQZfJkVvzbP0HBR3IKzErnv2BNG4W4MAM=
github.com/pmezard/go-difflib v1.0.0 h1:4DBwDE0NGyQoBHbLQYPwSUPoCMWR5BEzIk/f1lZbAQM=
github.com/pmezard/go-difflib v1.0.0/go.mod h1:iKH77koFhYxTK1pcRnkKkqfTogsbg7gZNVY4sRDYZ/4=
github.com/regclient/regclient v0.11.5 h1:OHRsXO0F3qHGfa4HEUv+EkMH9NXNcCTBKjNzyC/UhIA=
github.com/regclient/regclient v0.11.5/go.mod h1:DZUOfIT14WFTK2Pj4vjd93avy9O4Fdpjrf9ir23TbRE=
github.com/sergi/go-diff v1.3.1 h1:xkr+Oxo4BOQKmkn/B9eMK0g5Kg/983T9DqqPHwYqD+8=
github.com/sergi/go-diff v1.3.1/go.mod h1:aMJSSKb2lpPvRNec0+w3fl7LP9IOFzdc9Pa4NFbPK1I=
github.com/sirupsen/logrus v1.9.4 h1:TsZE7l11zFCLZnZ+teH4Umoq5BhEIfIzfRDZ1Uzql2w=
github.com/sirupsen/logrus v1.9.4/go.mod h1:ftWc9WdOfJ0a92nsE2jF5u5ZwH8Bv2zdeOC42RjbV2g=
github.com/stretchr/testify v1.10.0 h1:Xv5erBjTwe/5IxqUQTdXv5kgmIvbHo3QQyRwhJsOfJA=
github.com/stretchr/testify v1.10.0/go.mod h1:r2ic/lqez/lEtzL7wO/rwa5dbSLXVDPFyf8C91i36aY=
github.com/sudo-bmitch/oci-digest v0.1.2 h1:are0qzWTsFZGZ3Uvdi9OSztJszSWaab6iqquMEEB7rw=
github.com/sudo-bmitch/oci-digest v0.1.2/go.mod h1:SH6l5OIe0islKBZBedjiPOeET/0QwGL+/oYfQt51uQo=
github.com/ulikunitz/xz v0.5.15 h1:9DNdB5s+SgV3bQ2ApL10xRc35ck0DuIX/isZvIk+ubY=
github.com/ulikunitz/xz v0.5.15/go.mod h1:nbz6k7qbPmH4IRqmfOplQw/tblSgqTqBwxkY0oWt/14=
github.com/urfave/cli/v3 v3.0.0-beta1 h1:6DTaaUarcM0wX7qj5Hcvs+5Dm3dyUTBbEwIWAjcw9Zg=
github.com/urfave/cli/v3 v3.0.0-beta1/go.mod h1:FnIeEMYu+ko8zP1F9Ypr3xkZMIDqW3DR92yUtY39q1Y=
github.com/wagslane/go-password-validator v0.3.0 h1:vfxOPzGHkz5S146HDpavl0cw1DSVP061Ry2PX0/ON6I=
github.com/wagslane/go-password-validator v0.3.0/go.mod h1:TI1XJ6T5fRdRnHqHt14pvy1tNVnrwe7m3/f1f2fDphQ=
go.bytecodealliance.org v0.5.0 h1:ywhCpF0JdqGkqct5JqSY1Me8lz001UIJXUaCSS32cew=
go.bytecodealliance.org v0.5.0/go.mod h1:8kYTSxmQr8DU3dKOKCOHH1Ap1gWX/61qlFSbIuIno2Q=
go.bytecodealliance.org/cm v0.1.0 h1:78Rk4d5rgir5Hm+LMFpDWhjmFBWrKDFPSKUwDBj+nwo=
go.bytecodealliance.org/cm v0.1.0/go.mod h1:NZ2UT0DyGhBfpIPOxPMCuG6g1YTR4YF3xweD7mHX5VQ=
go.wasmcloud.dev/component v0.0.6 h1:DjM71smlK8rJWUTYeG/HxlDYwsN3sWnvIfA74GRmUNg=
go.wasmcloud.dev/component v0.0.6/go.mod h1:Ww1oCrzFXk/QSlE7X/vJRI7rF3bmhCc/Usp7Isf8Atw=
go.wasmcloud.dev/wadge v0.7.0 h1:eUt0jODh6xQ5HEof1PFSgDp+evrNs+lD1LYCYeRR2Cg=
go.wasmcloud.dev/wadge v0.7.0/go.mod h1:SMnPSWZFTkXyUX0GJ11mcdc7ZoMITtbAlPLlpvGJd4M=
golang.org/x/crypto v0.52.0 h1:RMs7fP2rXdep0CftQlK8Uf+kibLm7qkCcradZWYz988=
golang.org/x/crypto v0.52.0/go.mod h1:1QgfPxDqh0T2M/elOJtp9RvuR95kVjir0e6/BvEmGbc=
golang.org/x/mod v0.22.0 h1:D4nJWe9zXqHOmWqj4VMOJhvzj7bEZg4wEYa759z1pH4=
golang.org/x/mod v0.22.0/go.mod h1:6SkKJ3Xj0I0BrPOZoBy3bdMptDDU9oJrpohJ3eWZ1fY=
golang.org/x/sync v0.10.0 h1:3NQrjDixjgGwUOCaF8w2+VYHv0Ve/vGYSbdkTa98gmQ=
golang.org/x/sync v0.10.0/go.mod h1:Czt+wKu1gCyEFDUtn0jG5QVvpJ6rzVqr5aXyt9drQfk=
golang.org/x/sys v0.45.0 h1:dO4czNzziLiiXplLQgBCEpCvXQ3dnkn0SdaZSYdQ+FY=
golang.org/x/sys v0.45.0/go.mod h1:4GL1E5IUh+htKOUEOaiffhrAeqysfVGipDYzABqnCmw=
golang.org/x/tools v0.28.0 h1:WuB6qZ4RPCQo5aP3WdKZS7i595EdWqWR8vqJTlwTVK8=
golang.org/x/tools v0.28.0/go.mod h1:dcIOrVd3mfQKTgrDVQHqCPMWy6lnhfhtX3hLXYVLfRw=
gopkg.in/check.v1 v0.0.0-20161208181325-20d25e280405/go.mod h1:Co6ibVJAznAaIkqp8huTwlJQCZ016jof/cbN4VW5Yz0=
gopkg.in/yaml.v3 v3.0.1 h1:fxVm/GzAzEWqLHuvctI91KS9hhNmmWOoWu0XTYJS7CA=
gopkg.in/yaml.v3 v3.0.1/go.mod h1:K4uyk7z7BCEPqu6E+C64Yfv1cQ7kz7rIZviUmN+EgEM=
